
Microsoft Visual Studio Solution File, Format Version 12.00
# Visual Studio Version 17
VisualStudioVersion = 17.0.31912.275
MinimumVisualStudioVersion = 10.0.40219.1
Project("{FAE04EC0-301F-11D3-BF4B-00C04F79EFBC}") = "animation_hw", "animation_hw.csproj", "{198C9FE7-4A06-4F71-8538-A72359FBEBBA}"
EndProject
Global
	GlobalSection(SolutionConfigurationPlatforms) = preSolution
		Debug|Any CPU = Debug|Any CPU
		Release|Any CPU = Release|Any CPU
	EndGlobalSection
	GlobalSection(ProjectConfigurationPlatforms) = postSolution
		{198C9FE7-4A06-4F71-8538-A72359FBEBBA}.Debug|Any CPU.ActiveCfg = Debug|Any CPU
		{198C9FE7-4A06-4F71-8538-A72359FBEBBA}.Debug|Any CPU.Build.0 = Debug|Any CPU
		{198C9FE7-4A06-4F71-8538-A72359FBEBBA}.Release|Any CPU.ActiveCfg = Release|Any CPU
		{198C9FE7-4A06-4F71-8538-A72359FBEBBA}.Release|Any CPU.Build.0 = Release|Any CPU
	EndGlobalSection
	GlobalSection(SolutionProperties) = preSolution
		HideSolutionNode = FALSE
	EndGlobalSection
	GlobalSection(ExtensibilityGlobals) = postSolution
		SolutionGuid = {A0090F94-B6C9-473A-9D7C-F07E3C912CB3}
	EndGlobalSection
EndGlobal
